
Microsoft Visual Studio Solution File, Format Version 12.00
# Visual Studio Version 16
VisualStudioVersion = 16.0.31205.134
MinimumVisualStudioVersion = 10.0.40219.1
Project("{FAE04EC0-301F-11D3-BF4B-00C04F79EFBC}") = "MacroRecorderDesktop", "MacroRecorder\MacroRecorderDesktop.csproj", "{452C0B2F-C44C-4D4D-AC9C-0138D6BBDCFF}"
EndProject
Global
	GlobalSection(SolutionConfigurationPlatforms) = preSolution
		Debug|Any CPU = Debug|Any CPU
		Release|Any CPU = Release|Any CPU
	EndGlobalSection
	GlobalSection(ProjectConfigurationPlatforms) = postSolution
		{452C0B2F-C44C-4D4D-AC9C-0138D6BBDCFF}.Debug|Any CPU.ActiveCfg = Debug|Any CPU
		{452C0B2F-C44C-4D4D-AC9C-0138D6BBDCFF}.Debug|Any CPU.Build.0 = Debug|Any CPU
		{452C0B2F-C44C-4D4D-AC9C-0138D6BBDCFF}.Release|Any CPU.ActiveCfg = Release|Any CPU
		{452C0B2F-C44C-4D4D-AC9C-0138D6BBDCFF}.Release|Any CPU.Build.0 = Release|Any CPU
	EndGlobalSection
	GlobalSection(SolutionProperties) = preSolution
		HideSolutionNode = FALSE
	EndGlobalSection
	GlobalSection(ExtensibilityGlobals) = postSolution
		SolutionGuid = {61BFB591-87C5-41A3-86FD-079C8D459E4B}
	EndGlobalSection
EndGlobal
